#MicroXplorer Configuration settings - do not modify
ADC1.Channel-8\#ChannelRegularConversion=ADC_CHANNEL_15
ADC1.IPParameters=Rank-8\#ChannelRegularConversion,master,Channel-8\#ChannelRegularConversion,SamplingTime-8\#ChannelRegularConversion,NbrOfConversionFlag
ADC1.NbrOfConversionFlag=1
ADC1.Rank-8\#ChannelRegularConversion=1
ADC1.SamplingTime-8\#ChannelRegularConversion=ADC_SAMPLETIME_3CYCLES
ADC1.master=1
ADC3.Channel-3\#ChannelRegularConversion=ADC_CHANNEL_8
ADC3.IPParameters=Rank-3\#ChannelRegularConversion,Channel-3\#ChannelRegularConversion,SamplingTime-3\#ChannelRegularConversion,NbrOfConversionFlag,NbrOfConversion
ADC3.NbrOfConversion=1
ADC3.NbrOfConversionFlag=1
ADC3.Rank-3\#ChannelRegularConversion=1
ADC3.SamplingTime-3\#ChannelRegularConversion=ADC_SAMPLETIME_3CYCLES
CAD.formats=
CAD.pinconfig=
CAD.provider=
CORTEX_M7.ART_ACCELERATOR_ENABLE=0
CORTEX_M7.CPU_DCache=Disabled
CORTEX_M7.CPU_ICache=Enabled
CORTEX_M7.DisableExec-Cortex_Memory_Protection_Unit_Region0_Settings=MPU_INSTRUCTION_ACCESS_DISABLE
CORTEX_M7.Enable-Cortex_Memory_Protection_Unit_Region0_Settings=MPU_REGION_ENABLE
CORTEX_M7.FlashInterface=AXI_Enabled
CORTEX_M7.IPParameters=ART_ACCELERATOR_ENABLE,FlashInterface,CPU_ICache,CPU_DCache,MPU_Control,Enable-Cortex_Memory_Protection_Unit_Region0_Settings,Size-Cortex_Memory_Protection_Unit_Region0_Settings,SubRegionDisable-Cortex_Memory_Protection_Unit_Region0_Settings,DisableExec-Cortex_Memory_Protection_Unit_Region0_Settings,IsShareable-Cortex_Memory_Protection_Unit_Region0_Settings,default_mode_Activation
CORTEX_M7.IsShareable-Cortex_Memory_Protection_Unit_Region0_Settings=MPU_ACCESS_SHAREABLE
CORTEX_M7.MPU_Control=MPU_PRIVILEGED_DEFAULT
CORTEX_M7.Size-Cortex_Memory_Protection_Unit_Region0_Settings=MPU_REGION_SIZE_4GB
CORTEX_M7.SubRegionDisable-Cortex_Memory_Protection_Unit_Region0_Settings=0x87
CORTEX_M7.default_mode_Activation=1
Dma.ADC1.9.Direction=DMA_PERIPH_TO_MEMORY
Dma.ADC1.9.FIFOMode=DMA_FIFOMODE_DISABLE
Dma.ADC1.9.Instance=DMA2_Stream4
Dma.ADC1.9.MemDataAlignment=DMA_MDATAALIGN_HALFWORD
Dma.ADC1.9.MemInc=DMA_MINC_ENABLE
Dma.ADC1.9.Mode=DMA_NORMAL
Dma.ADC1.9.PeriphDataAlignment=DMA_PDATAALIGN_HALFWORD
Dma.ADC1.9.PeriphInc=DMA_PINC_DISABLE
Dma.ADC1.9.Priority=DMA_PRIORITY_LOW
Dma.ADC1.9.RequestParameters=Instance,Direction,PeriphInc,MemInc,PeriphDataAlignment,MemDataAlignment,Mode,Priority,FIFOMode
Dma.ADC3.0.Direction=DMA_PERIPH_TO_MEMORY
Dma.ADC3.0.FIFOMode=DMA_FIFOMODE_DISABLE
Dma.ADC3.0.Instance=DMA2_Stream0
Dma.ADC3.0.MemDataAlignment=DMA_MDATAALIGN_HALFWORD
Dma.ADC3.0.MemInc=DMA_MINC_ENABLE
Dma.ADC3.0.Mode=DMA_NORMAL
Dma.ADC3.0.PeriphDataAlignment=DMA_PDATAALIGN_HALFWORD
Dma.ADC3.0.PeriphInc=DMA_PINC_DISABLE
Dma.ADC3.0.Priority=DMA_PRIORITY_LOW
Dma.ADC3.0.RequestParameters=Instance,Direction,PeriphInc,MemInc,PeriphDataAlignment,MemDataAlignment,Mode,Priority,FIFOMode
Dma.I2C2_RX.4.Direction=DMA_PERIPH_TO_MEMORY
Dma.I2C2_RX.4.FIFOMode=DMA_FIFOMODE_DISABLE
Dma.I2C2_RX.4.Instance=DMA1_Stream2
Dma.I2C2_RX.4.MemDataAlignment=DMA_MDATAALIGN_BYTE
Dma.I2C2_RX.4.MemInc=DMA_MINC_ENABLE
Dma.I2C2_RX.4.Mode=DMA_NORMAL
Dma.I2C2_RX.4.PeriphDataAlignment=DMA_PDATAALIGN_BYTE
Dma.I2C2_RX.4.PeriphInc=DMA_PINC_DISABLE
Dma.I2C2_RX.4.Priority=DMA_PRIORITY_LOW
Dma.I2C2_RX.4.RequestParameters=Instance,Direction,PeriphInc,MemInc,PeriphDataAlignment,MemDataAlignment,Mode,Priority,FIFOMode
Dma.I2C2_TX.5.Direction=DMA_MEMORY_TO_PERIPH
Dma.I2C2_TX.5.FIFOMode=DMA_FIFOMODE_DISABLE
Dma.I2C2_TX.5.Instance=DMA1_Stream7
Dma.I2C2_TX.5.MemDataAlignment=DMA_MDATAALIGN_BYTE
Dma.I2C2_TX.5.MemInc=DMA_MINC_ENABLE
Dma.I2C2_TX.5.Mode=DMA_NORMAL
Dma.I2C2_TX.5.PeriphDataAlignment=DMA_PDATAALIGN_BYTE
Dma.I2C2_TX.5.PeriphInc=DMA_PINC_DISABLE
Dma.I2C2_TX.5.Priority=DMA_PRIORITY_LOW
Dma.I2C2_TX.5.RequestParameters=Instance,Direction,PeriphInc,MemInc,PeriphDataAlignment,MemDataAlignment,Mode,Priority,FIFOMode
Dma.QUADSPI.6.Direction=DMA_PERIPH_TO_MEMORY
Dma.QUADSPI.6.FIFOMode=DMA_FIFOMODE_DISABLE
Dma.QUADSPI.6.Instance=DMA2_Stream7
Dma.QUADSPI.6.MemDataAlignment=DMA_MDATAALIGN_BYTE
Dma.QUADSPI.6.MemInc=DMA_MINC_ENABLE
Dma.QUADSPI.6.Mode=DMA_NORMAL
Dma.QUADSPI.6.PeriphDataAlignment=DMA_PDATAALIGN_BYTE
Dma.QUADSPI.6.PeriphInc=DMA_PINC_DISABLE
Dma.QUADSPI.6.Priority=DMA_PRIORITY_LOW
Dma.QUADSPI.6.RequestParameters=Instance,Direction,PeriphInc,MemInc,PeriphDataAlignment,MemDataAlignment,Mode,Priority,FIFOMode
Dma.Request0=ADC3
Dma.Request1=SDMMC2
Dma.Request10=UART5_RX
Dma.Request11=UART8_RX
Dma.Request2=SPI4_RX
Dma.Request3=SPI4_TX
Dma.Request4=I2C2_RX
Dma.Request5=I2C2_TX
Dma.Request6=QUADSPI
Dma.Request7=SPI2_RX
Dma.Request8=SPI2_TX
Dma.Request9=ADC1
Dma.RequestsNb=12
Dma.SDMMC2.1.Direction=DMA_PERIPH_TO_MEMORY
Dma.SDMMC2.1.FIFOMode=DMA_FIFOMODE_ENABLE
Dma.SDMMC2.1.FIFOThreshold=DMA_FIFO_THRESHOLD_FULL
Dma.SDMMC2.1.Instance=DMA2_Stream5
Dma.SDMMC2.1.MemBurst=DMA_MBURST_INC4
Dma.SDMMC2.1.MemDataAlignment=DMA_MDATAALIGN_WORD
Dma.SDMMC2.1.MemInc=DMA_MINC_ENABLE
Dma.SDMMC2.1.Mode=DMA_PFCTRL
Dma.SDMMC2.1.PeriphBurst=DMA_PBURST_INC4
Dma.SDMMC2.1.PeriphDataAlignment=DMA_PDATAALIGN_WORD
Dma.SDMMC2.1.PeriphInc=DMA_PINC_DISABLE
Dma.SDMMC2.1.Priority=DMA_PRIORITY_LOW
Dma.SDMMC2.1.RequestParameters=Instance,Direction,PeriphInc,MemInc,PeriphDataAlignment,MemDataAlignment,Mode,Priority,FIFOMode,FIFOThreshold,MemBurst,PeriphBurst
Dma.SPI2_RX.7.Direction=DMA_PERIPH_TO_MEMORY
Dma.SPI2_RX.7.FIFOMode=DMA_FIFOMODE_DISABLE
Dma.SPI2_RX.7.Instance=DMA1_Stream3
Dma.SPI2_RX.7.MemDataAlignment=DMA_MDATAALIGN_BYTE
Dma.SPI2_RX.7.MemInc=DMA_MINC_ENABLE
Dma.SPI2_RX.7.Mode=DMA_NORMAL
Dma.SPI2_RX.7.PeriphDataAlignment=DMA_PDATAALIGN_BYTE
Dma.SPI2_RX.7.PeriphInc=DMA_PINC_DISABLE
Dma.SPI2_RX.7.Priority=DMA_PRIORITY_LOW
Dma.SPI2_RX.7.RequestParameters=Instance,Direction,PeriphInc,MemInc,PeriphDataAlignment,MemDataAlignment,Mode,Priority,FIFOMode
Dma.SPI2_TX.8.Direction=DMA_MEMORY_TO_PERIPH
Dma.SPI2_TX.8.FIFOMode=DMA_FIFOMODE_DISABLE
Dma.SPI2_TX.8.Instance=DMA1_Stream4
Dma.SPI2_TX.8.MemDataAlignment=DMA_MDATAALIGN_BYTE
Dma.SPI2_TX.8.MemInc=DMA_MINC_ENABLE
Dma.SPI2_TX.8.Mode=DMA_NORMAL
Dma.SPI2_TX.8.PeriphDataAlignment=DMA_PDATAALIGN_BYTE
Dma.SPI2_TX.8.PeriphInc=DMA_PINC_DISABLE
Dma.SPI2_TX.8.Priority=DMA_PRIORITY_LOW
Dma.SPI2_TX.8.RequestParameters=Instance,Direction,PeriphInc,MemInc,PeriphDataAlignment,MemDataAlignment,Mode,Priority,FIFOMode
Dma.SPI4_RX.2.Direction=DMA_PERIPH_TO_MEMORY
Dma.SPI4_RX.2.FIFOMode=DMA_FIFOMODE_DISABLE
Dma.SPI4_RX.2.Instance=DMA2_Stream3
Dma.SPI4_RX.2.MemDataAlignment=DMA_MDATAALIGN_BYTE
Dma.SPI4_RX.2.MemInc=DMA_MINC_ENABLE
Dma.SPI4_RX.2.Mode=DMA_NORMAL
Dma.SPI4_RX.2.PeriphDataAlignment=DMA_PDATAALIGN_BYTE
Dma.SPI4_RX.2.PeriphInc=DMA_PINC_DISABLE
Dma.SPI4_RX.2.Priority=DMA_PRIORITY_LOW
Dma.SPI4_RX.2.RequestParameters=Instance,Direction,PeriphInc,MemInc,PeriphDataAlignment,MemDataAlignment,Mode,Priority,FIFOMode
Dma.SPI4_TX.3.Direction=DMA_MEMORY_TO_PERIPH
Dma.SPI4_TX.3.FIFOMode=DMA_FIFOMODE_DISABLE
Dma.SPI4_TX.3.Instance=DMA2_Stream1
Dma.SPI4_TX.3.MemDataAlignment=DMA_MDATAALIGN_BYTE
Dma.SPI4_TX.3.MemInc=DMA_MINC_ENABLE
Dma.SPI4_TX.3.Mode=DMA_NORMAL
Dma.SPI4_TX.3.PeriphDataAlignment=DMA_PDATAALIGN_BYTE
Dma.SPI4_TX.3.PeriphInc=DMA_PINC_DISABLE
Dma.SPI4_TX.3.Priority=DMA_PRIORITY_LOW
Dma.SPI4_TX.3.RequestParameters=Instance,Direction,PeriphInc,MemInc,PeriphDataAlignment,MemDataAlignment,Mode,Priority,FIFOMode
Dma.UART5_RX.10.Direction=DMA_PERIPH_TO_MEMORY
Dma.UART5_RX.10.FIFOMode=DMA_FIFOMODE_DISABLE
Dma.UART5_RX.10.Instance=DMA1_Stream0
Dma.UART5_RX.10.MemDataAlignment=DMA_MDATAALIGN_BYTE
Dma.UART5_RX.10.MemInc=DMA_MINC_ENABLE
Dma.UART5_RX.10.Mode=DMA_NORMAL
Dma.UART5_RX.10.PeriphDataAlignment=DMA_PDATAALIGN_BYTE
Dma.UART5_RX.10.PeriphInc=DMA_PINC_DISABLE
Dma.UART5_RX.10.Priority=DMA_PRIORITY_LOW
Dma.UART5_RX.10.RequestParameters=Instance,Direction,PeriphInc,MemInc,PeriphDataAlignment,MemDataAlignment,Mode,Priority,FIFOMode
Dma.UART8_RX.11.Direction=DMA_PERIPH_TO_MEMORY
Dma.UART8_RX.11.FIFOMode=DMA_FIFOMODE_DISABLE
Dma.UART8_RX.11.Instance=DMA1_Stream6
Dma.UART8_RX.11.MemDataAlignment=DMA_MDATAALIGN_BYTE
Dma.UART8_RX.11.MemInc=DMA_MINC_ENABLE
Dma.UART8_RX.11.Mode=DMA_NORMAL
Dma.UART8_RX.11.PeriphDataAlignment=DMA_PDATAALIGN_BYTE
Dma.UART8_RX.11.PeriphInc=DMA_PINC_DISABLE
Dma.UART8_RX.11.Priority=DMA_PRIORITY_LOW
Dma.UART8_RX.11.RequestParameters=Instance,Direction,PeriphInc,MemInc,PeriphDataAlignment,MemDataAlignment,Mode,Priority,FIFOMode
FREERTOS.IPParameters=Tasks01
FREERTOS.Tasks01=defaultTask,24,128,StartDefaultTask,Default,NULL,Dynamic,NULL,NULL
File.Version=6
GPIO.groupedBy=Show All
I2C2.I2C_Speed_Mode=I2C_Fast
I2C2.IPParameters=Timing,I2C_Speed_Mode
I2C2.Timing=0x6000030D
KeepUserPlacement=false
Mcu.CPN=STM32F722ZET6
Mcu.Family=STM32F7
Mcu.IP0=ADC1
Mcu.IP1=ADC3
Mcu.IP10=SDMMC2
Mcu.IP11=SPI2
Mcu.IP12=SPI4
Mcu.IP13=SYS
Mcu.IP14=TIM1
Mcu.IP15=TIM3
Mcu.IP16=TIM4
Mcu.IP17=TIM5
Mcu.IP18=TIM9
Mcu.IP19=TIM11
Mcu.IP2=CORTEX_M7
Mcu.IP20=UART4
Mcu.IP21=UART5
Mcu.IP22=UART8
Mcu.IP23=USB_OTG_HS
Mcu.IP3=DMA
Mcu.IP4=FREERTOS
Mcu.IP5=I2C2
Mcu.IP6=NVIC
Mcu.IP7=QUADSPI
Mcu.IP8=RCC
Mcu.IP9=RTC
Mcu.IPNb=24
Mcu.Name=STM32F722Z(C-E)Tx
Mcu.Package=LQFP144
Mcu.Pin0=PE2
Mcu.Pin1=PE3
Mcu.Pin10=PF2
Mcu.Pin11=PF3
Mcu.Pin12=PF4
Mcu.Pin13=PF5
Mcu.Pin14=PF6
Mcu.Pin15=PF7
Mcu.Pin16=PF8
Mcu.Pin17=PF9
Mcu.Pin18=PF10
Mcu.Pin19=PH0-OSC_IN
Mcu.Pin2=PE4
Mcu.Pin20=PH1-OSC_OUT
Mcu.Pin21=PC0
Mcu.Pin22=PC1
Mcu.Pin23=PC2
Mcu.Pin24=PC3
Mcu.Pin25=PA0-WKUP
Mcu.Pin26=PA2
Mcu.Pin27=PA3
Mcu.Pin28=PC4
Mcu.Pin29=PC5
Mcu.Pin3=PE5
Mcu.Pin30=PB2
Mcu.Pin31=PE7
Mcu.Pin32=PE8
Mcu.Pin33=PE9
Mcu.Pin34=PE10
Mcu.Pin35=PE15
Mcu.Pin36=PB10
Mcu.Pin37=PB11
Mcu.Pin38=PB13
Mcu.Pin39=PB14
Mcu.Pin4=PE6
Mcu.Pin40=PB15
Mcu.Pin41=PD8
Mcu.Pin42=PD9
Mcu.Pin43=PD12
Mcu.Pin44=PD13
Mcu.Pin45=PD14
Mcu.Pin46=PD15
Mcu.Pin47=PG2
Mcu.Pin48=PG3
Mcu.Pin49=PG4
Mcu.Pin5=PC13
Mcu.Pin50=PG5
Mcu.Pin51=PC6
Mcu.Pin52=PC7
Mcu.Pin53=PC8
Mcu.Pin54=PC9
Mcu.Pin55=PA8
Mcu.Pin56=PA9
Mcu.Pin57=PA10
Mcu.Pin58=PA11
Mcu.Pin59=PA13
Mcu.Pin6=PC14-OSC32_IN
Mcu.Pin60=PA14
Mcu.Pin61=PA15
Mcu.Pin62=PC10
Mcu.Pin63=PC11
Mcu.Pin64=PC12
Mcu.Pin65=PD0
Mcu.Pin66=PD2
Mcu.Pin67=PD4
Mcu.Pin68=PD5
Mcu.Pin69=PD6
Mcu.Pin7=PC15-OSC32_OUT
Mcu.Pin70=PD7
Mcu.Pin71=PG9
Mcu.Pin72=PG10
Mcu.Pin73=PG11
Mcu.Pin74=PG12
Mcu.Pin75=PG13
Mcu.Pin76=PG14
Mcu.Pin77=PB3
Mcu.Pin78=PB6
Mcu.Pin79=PB9
Mcu.Pin8=PF0
Mcu.Pin80=PE0
Mcu.Pin81=PE1
Mcu.Pin82=VP_ADC1_Vbat_Input
Mcu.Pin83=VP_FREERTOS_VS_CMSIS_V2
Mcu.Pin84=VP_RTC_VS_RTC_Activate
Mcu.Pin85=VP_RTC_VS_RTC_Calendar
Mcu.Pin86=VP_SYS_VS_tim6
Mcu.Pin87=VP_TIM1_VS_ClockSourceINT
Mcu.Pin88=VP_TIM3_VS_ClockSourceINT
Mcu.Pin89=VP_TIM4_VS_ClockSourceINT
Mcu.Pin9=PF1
Mcu.Pin90=VP_TIM5_VS_ClockSourceINT
Mcu.Pin91=VP_TIM9_VS_ClockSourceINT
Mcu.Pin92=VP_TIM11_VS_ClockSourceINT
Mcu.PinsNb=93
Mcu.ThirdPartyNb=0
Mcu.UserConstants=
Mcu.UserName=STM32F722ZETx
MxCube.Version=6.9.1
MxDb.Version=DB.6.0.91
NVIC.ADC_IRQn=true\:5\:0\:false\:false\:true\:true\:true\:true\:true
NVIC.BusFault_IRQn=true\:0\:0\:false\:false\:true\:false\:false\:false\:false
NVIC.DMA1_Stream0_IRQn=true\:5\:0\:false\:false\:true\:true\:false\:true\:true
NVIC.DMA1_Stream2_IRQn=true\:5\:0\:false\:false\:true\:false\:false\:true\:true
NVIC.DMA1_Stream3_IRQn=true\:5\:0\:false\:false\:true\:true\:false\:true\:true
NVIC.DMA1_Stream4_IRQn=true\:5\:0\:false\:false\:true\:true\:false\:true\:true
NVIC.DMA1_Stream6_IRQn=true\:5\:0\:false\:false\:true\:true\:false\:true\:true
NVIC.DMA1_Stream7_IRQn=true\:5\:0\:false\:false\:true\:true\:false\:true\:true
NVIC.DMA2_Stream0_IRQn=true\:5\:0\:false\:false\:true\:true\:false\:true\:true
NVIC.DMA2_Stream1_IRQn=true\:5\:0\:false\:false\:true\:true\:false\:true\:true
NVIC.DMA2_Stream3_IRQn=true\:5\:0\:false\:false\:true\:false\:false\:true\:true
NVIC.DMA2_Stream4_IRQn=true\:5\:0\:false\:false\:true\:true\:false\:true\:true
NVIC.DMA2_Stream5_IRQn=true\:5\:0\:false\:false\:true\:true\:false\:true\:true
NVIC.DMA2_Stream7_IRQn=true\:5\:0\:false\:false\:true\:true\:false\:true\:true
NVIC.DebugMonitor_IRQn=true\:0\:0\:false\:false\:true\:false\:false\:false\:false
NVIC.EXTI0_IRQn=true\:5\:0\:false\:false\:true\:true\:true\:true\:true
NVIC.EXTI15_10_IRQn=true\:5\:0\:false\:false\:true\:true\:true\:true\:true
NVIC.EXTI1_IRQn=true\:5\:0\:false\:false\:true\:true\:true\:true\:true
NVIC.EXTI2_IRQn=true\:5\:0\:false\:false\:true\:true\:true\:true\:true
NVIC.EXTI3_IRQn=true\:5\:0\:false\:false\:true\:true\:true\:true\:true
NVIC.EXTI4_IRQn=true\:5\:0\:false\:false\:true\:true\:true\:true\:true
NVIC.EXTI9_5_IRQn=true\:5\:0\:false\:false\:true\:true\:true\:true\:true
NVIC.ForceEnableDMAVector=true
NVIC.HardFault_IRQn=true\:0\:0\:false\:false\:true\:false\:false\:false\:false
NVIC.I2C2_ER_IRQn=true\:5\:0\:false\:false\:true\:true\:true\:true\:true
NVIC.I2C2_EV_IRQn=true\:5\:0\:false\:false\:true\:true\:true\:true\:true
NVIC.MemoryManagement_IRQn=true\:0\:0\:false\:false\:true\:false\:false\:false\:false
NVIC.NonMaskableInt_IRQn=true\:0\:0\:false\:false\:true\:false\:false\:false\:false
NVIC.OTG_HS_EP1_IN_IRQn=true\:5\:0\:false\:false\:true\:true\:true\:true\:true
NVIC.OTG_HS_EP1_OUT_IRQn=true\:5\:0\:false\:false\:true\:true\:true\:true\:true
NVIC.OTG_HS_IRQn=true\:5\:0\:false\:false\:true\:true\:true\:true\:true
NVIC.PendSV_IRQn=true\:15\:0\:false\:false\:false\:true\:false\:false\:false
NVIC.PriorityGroup=NVIC_PRIORITYGROUP_4
NVIC.QUADSPI_IRQn=true\:5\:0\:false\:false\:true\:true\:true\:true\:true
NVIC.SDMMC2_IRQn=true\:5\:0\:false\:false\:true\:true\:true\:true\:true
NVIC.SPI2_IRQn=true\:5\:0\:false\:false\:true\:true\:true\:true\:true
NVIC.SPI4_IRQn=true\:5\:0\:false\:false\:true\:true\:true\:true\:true
NVIC.SVCall_IRQn=true\:0\:0\:false\:false\:false\:false\:false\:false\:false
NVIC.SavedPendsvIrqHandlerGenerated=true
NVIC.SavedSvcallIrqHandlerGenerated=true
NVIC.SavedSystickIrqHandlerGenerated=true
NVIC.SysTick_IRQn=true\:15\:0\:false\:false\:false\:true\:false\:true\:false
NVIC.TIM1_BRK_TIM9_IRQn=true\:5\:0\:false\:false\:true\:false\:false\:true\:true
NVIC.TIM5_IRQn=true\:5\:0\:false\:false\:true\:true\:true\:true\:true
NVIC.TIM6_DAC_IRQn=true\:15\:0\:false\:false\:true\:false\:false\:true\:true
NVIC.TimeBase=TIM6_DAC_IRQn
NVIC.TimeBaseIP=TIM6
NVIC.UART4_IRQn=true\:5\:0\:false\:false\:true\:true\:true\:true\:true
NVIC.UART5_IRQn=true\:5\:0\:false\:false\:true\:true\:true\:true\:true
NVIC.UART8_IRQn=true\:5\:0\:false\:false\:true\:true\:true\:true\:true
NVIC.UsageFault_IRQn=true\:0\:0\:false\:false\:true\:false\:false\:false\:false
PA0-WKUP.GPIOParameters=GPIO_Label
PA0-WKUP.GPIO_Label=RF_DIO1
PA0-WKUP.Locked=true
PA0-WKUP.Signal=SharedStack_PA0
PA0-WKUP.Stacked=true
PA10.Locked=true
PA10.Signal=S_TIM1_CH3
PA11.Locked=true
PA11.Signal=S_TIM1_CH4
PA13.Locked=true
PA13.Mode=Trace_Asynchronous_SW
PA13.Signal=SYS_JTMS-SWDIO
PA14.Locked=true
PA14.Mode=Trace_Asynchronous_SW
PA14.Signal=SYS_JTCK-SWCLK
PA15.Locked=true
PA15.Signal=SYS_JTDI
PA2.GPIOParameters=GPIO_Label
PA2.GPIO_Label=RF_DIO2
PA2.Locked=true
PA2.Signal=SharedStack_PA2
PA2.Stacked=true
PA3.GPIOParameters=GPIO_Label
PA3.GPIO_Label=REMOTE_PPM
PA3.Locked=true
PA3.Signal=S_TIM9_CH2
PA8.Locked=true
PA8.Signal=S_TIM1_CH1
PA9.Locked=true
PA9.Signal=S_TIM1_CH2
PB10.Locked=true
PB10.Mode=Full_Duplex_Master
PB10.Signal=SPI2_SCK
PB11.GPIOParameters=GPIO_Label
PB11.GPIO_Label=IMU_INT1
PB11.Locked=true
PB11.Signal=GPXTI11
PB13.Locked=true
PB13.Mode=Activate_VBUS_FS
PB13.Signal=USB_OTG_HS_VBUS
PB14.Locked=true
PB14.Mode=Internal_Phy_Device
PB14.Signal=USB_OTG_HS_DM
PB15.Locked=true
PB15.Mode=Internal_Phy_Device
PB15.Signal=USB_OTG_HS_DP
PB2.Locked=true
PB2.Mode=Dual_Bank
PB2.Signal=QUADSPI_CLK
PB3.Locked=true
PB3.Mode=Trace_Asynchronous_SW
PB3.Signal=SYS_JTDO-SWO
PB6.Locked=true
PB6.Mode=Enable Chip Select for each bank
PB6.Signal=QUADSPI_BK1_NCS
PB9.GPIOParameters=GPIO_Label
PB9.GPIO_Label=BUZZER_EN
PB9.Locked=true
PB9.Signal=S_TIM11_CH1
PC0.Locked=true
PC0.Signal=ADCx_IN10
PC1.GPIOParameters=GPIO_Label
PC1.GPIO_Label=RF_DIO0
PC1.Locked=true
PC1.Signal=GPXTI1
PC10.GPIOParameters=GPIO_Label
PC10.GPIO_Label=REMOTE_iBUS
PC10.Locked=true
PC10.Mode=Half_duplex(single_wire_mode)
PC10.Signal=UART4_TX
PC11.Locked=true
PC11.Mode=Enable Chip Select for each bank
PC11.Signal=QUADSPI_BK2_NCS
PC12.GPIOParameters=GPIO_Label
PC12.GPIO_Label=GPS_TX
PC12.Locked=true
PC12.Mode=Asynchronous
PC12.Signal=UART5_TX
PC13.Locked=true
PC13.Mode=WakeUpAF1
PC13.Signal=RTC_OUT
PC14-OSC32_IN.GPIOParameters=GPIO_Label
PC14-OSC32_IN.GPIO_Label=RF_DIO4
PC14-OSC32_IN.Locked=true
PC14-OSC32_IN.Signal=SharedStack_PC14
PC14-OSC32_IN.Stacked=true
PC15-OSC32_OUT.GPIOParameters=GPIO_Label
PC15-OSC32_OUT.GPIO_Label=RF_DIO5
PC15-OSC32_OUT.Locked=true
PC15-OSC32_OUT.Signal=SharedStack_PC15
PC15-OSC32_OUT.Stacked=true
PC2.Locked=true
PC2.Mode=Full_Duplex_Master
PC2.Signal=SPI2_MISO
PC3.Locked=true
PC3.Mode=Full_Duplex_Master
PC3.Signal=SPI2_MOSI
PC4.Locked=true
PC4.Signal=ADCx_IN14
PC5.Locked=true
PC5.Signal=ADCx_IN15
PC6.Locked=true
PC6.Signal=SharedStack_PC6
PC6.Stacked=true
PC7.Locked=true
PC7.Signal=S_TIM3_CH2
PC8.Locked=true
PC8.Signal=S_TIM3_CH3
PC9.Locked=true
PC9.Signal=S_TIM3_CH4
PD0.GPIOParameters=GPIO_Label
PD0.GPIO_Label=GPS_RESET_N
PD0.Locked=true
PD0.Signal=GPIO_Output
PD12.Locked=true
PD12.Signal=S_TIM4_CH1
PD13.Locked=true
PD13.Signal=S_TIM4_CH2
PD14.Locked=true
PD14.Signal=S_TIM4_CH3
PD15.Locked=true
PD15.Signal=S_TIM4_CH4
PD2.GPIOParameters=GPIO_Label
PD2.GPIO_Label=GPS_RX
PD2.Locked=true
PD2.Mode=Asynchronous
PD2.Signal=UART5_RX
PD4.GPIOParameters=GPIO_Label
PD4.GPIO_Label=GPS_EXTINT
PD4.Locked=true
PD4.Signal=SharedStack_PD4
PD4.Stacked=true
PD5.GPIOParameters=GPIO_Label
PD5.GPIO_Label=GPS_TIMEPULSE
PD5.Locked=true
PD5.Signal=GPXTI5
PD6.Locked=true
PD6.Mode=SD_4_bits_Wide_bus
PD6.Signal=SDMMC2_CK
PD7.Locked=true
PD7.Mode=SD_4_bits_Wide_bus
PD7.Signal=SDMMC2_CMD
PD8.GPIOParameters=GPIO_Label
PD8.GPIO_Label=LIDAR_TX
PD8.Locked=true
PD8.Signal=USART3_TX
PD9.GPIOParameters=GPIO_Label
PD9.GPIO_Label=LIDAR_RX
PD9.Locked=true
PD9.Signal=SharedStack_PD9
PD9.Stacked=true
PE0.GPIOParameters=GPIO_Label
PE0.GPIO_Label=VCP_RX
PE0.Locked=true
PE0.Mode=Asynchronous
PE0.Signal=UART8_RX
PE1.GPIOParameters=GPIO_Label
PE1.GPIO_Label=VCP_TX
PE1.Locked=true
PE1.Mode=Asynchronous
PE1.Signal=UART8_TX
PE10.Locked=true
PE10.Mode=Dual_Bank
PE10.Signal=QUADSPI_BK2_IO3
PE15.GPIOParameters=GPIO_Label
PE15.GPIO_Label=IMU_NCS
PE15.Locked=true
PE15.Signal=GPIO_Output
PE2.Locked=true
PE2.Mode=Full_Duplex_Master
PE2.Signal=SPI4_SCK
PE3.GPIOParameters=GPIO_Label
PE3.GPIO_Label=RF_DIO3
PE3.Locked=true
PE3.Signal=GPXTI3
PE4.GPIOParameters=GPIO_Label
PE4.GPIO_Label=RF_NSS
PE4.Locked=true
PE4.Signal=GPIO_Output
PE5.Locked=true
PE5.Mode=Full_Duplex_Master
PE5.Signal=SPI4_MISO
PE6.Locked=true
PE6.Mode=Full_Duplex_Master
PE6.Signal=SPI4_MOSI
PE7.Locked=true
PE7.Mode=Dual_Bank
PE7.Signal=QUADSPI_BK2_IO0
PE8.Locked=true
PE8.Mode=Dual_Bank
PE8.Signal=QUADSPI_BK2_IO1
PE9.Locked=true
PE9.Mode=Dual_Bank
PE9.Signal=QUADSPI_BK2_IO2
PF0.Locked=true
PF0.Mode=I2C
PF0.Signal=I2C2_SDA
PF1.Locked=true
PF1.Mode=I2C
PF1.Signal=I2C2_SCL
PF10.Locked=true
PF10.Mode=IN8
PF10.Signal=ADC3_IN8
PF2.GPIOParameters=GPIO_Label
PF2.GPIO_Label=RF_NRESET
PF2.Locked=true
PF2.Signal=GPIO_Output
PF3.Locked=true
PF3.Mode=IN9
PF3.Signal=ADC3_IN9
PF4.Locked=true
PF4.Mode=IN14
PF4.Signal=ADC3_IN14
PF5.Locked=true
PF5.Mode=IN15
PF5.Signal=ADC3_IN15
PF6.Locked=true
PF6.Mode=Dual_Bank
PF6.Signal=QUADSPI_BK1_IO3
PF7.Locked=true
PF7.Mode=Dual_Bank
PF7.Signal=QUADSPI_BK1_IO2
PF8.Locked=true
PF8.Mode=Dual_Bank
PF8.Signal=QUADSPI_BK1_IO0
PF9.Locked=true
PF9.Mode=Dual_Bank
PF9.Signal=QUADSPI_BK1_IO1
PG10.Locked=true
PG10.Mode=SD_4_bits_Wide_bus
PG10.Signal=SDMMC2_D1
PG11.Locked=true
PG11.Mode=SD_4_bits_Wide_bus
PG11.Signal=SDMMC2_D2
PG12.Locked=true
PG12.Mode=SD_4_bits_Wide_bus
PG12.Signal=SDMMC2_D3
PG13.GPIOParameters=GPIO_Label
PG13.GPIO_Label=SD_CD
PG13.Locked=true
PG13.Signal=GPIO_Input
PG14.GPIOParameters=GPIO_Label
PG14.GPIO_Label=SD_WP
PG14.Locked=true
PG14.Signal=GPIO_Input
PG2.GPIOParameters=GPIO_Label
PG2.GPIO_Label=D2_EN
PG2.Locked=true
PG2.Signal=GPIO_Output
PG3.GPIOParameters=GPIO_Label
PG3.GPIO_Label=POWER_LEDs_EN
PG3.Locked=true
PG3.Signal=GPIO_Output
PG4.GPIOParameters=GPIO_Label
PG4.GPIO_Label=SERVO_5V_AUX_EN
PG4.Locked=true
PG4.Signal=GPIO_Output
PG5.GPIOParameters=GPIO_Label
PG5.GPIO_Label=SERVO_5V_AUX_NFAULT
PG5.Locked=true
PG5.Signal=GPIO_Input
PG9.Locked=true
PG9.Mode=SD_4_bits_Wide_bus
PG9.Signal=SDMMC2_D0
PH0-OSC_IN.Locked=true
PH0-OSC_IN.Mode=HSE-External-Oscillator
PH0-OSC_IN.Signal=RCC_OSC_IN
PH1-OSC_OUT.Locked=true
PH1-OSC_OUT.Mode=HSE-External-Oscillator
PH1-OSC_OUT.Signal=RCC_OSC_OUT
PinOutPanel.RotationAngle=0
ProjectManager.AskForMigrate=true
ProjectManager.BackupPrevious=false
ProjectManager.CompilerOptimize=6
ProjectManager.ComputerToolchain=false
ProjectManager.CoupleFile=false
ProjectManager.CustomerFirmwarePackage=
ProjectManager.DefaultFWLocation=true
ProjectManager.DeletePrevious=true
ProjectManager.DeviceId=STM32F722ZETx
ProjectManager.FirmwarePackage=STM32Cube FW_F7 V1.17.1
ProjectManager.FreePins=false
ProjectManager.HalAssertFull=false
ProjectManager.HeapSize=0x200
ProjectManager.KeepUserCode=true
ProjectManager.LastFirmware=true
ProjectManager.LibraryCopy=0
ProjectManager.MainLocation=Core/Src
ProjectManager.NoMain=false
ProjectManager.PreviousToolchain=
ProjectManager.ProjectBuild=false
ProjectManager.ProjectFileName=Avionus_Flight_Controller.ioc
ProjectManager.ProjectName=Avionus_Flight_Controller
ProjectManager.ProjectStructure=
ProjectManager.RegisterCallBack=
ProjectManager.StackSize=0x400
ProjectManager.TargetToolchain=EWARM V8.50
ProjectManager.ToolChainLocation=
ProjectManager.UAScriptAfterPath=
ProjectManager.UAScriptBeforePath=
ProjectManager.UnderRoot=false
ProjectManager.functionlistsort=1-SystemClock_Config-RCC-false-HAL-false,2-MX_GPIO_Init-GPIO-false-HAL-true,3-MX_DMA_Init-DMA-false-HAL-true,4-MX_ADC3_Init-ADC3-false-HAL-true,5-MX_RTC_Init-RTC-false-HAL-true,6-MX_SDMMC2_SD_Init-SDMMC2-false-HAL-true,7-MX_QUADSPI_Init-QUADSPI-false-HAL-true,8-MX_TIM3_Init-TIM3-false-HAL-true,9-MX_TIM4_Init-TIM4-false-HAL-true,10-MX_UART8_Init-UART8-false-HAL-true,11-MX_SPI4_Init-SPI4-false-HAL-true,12-MX_TIM1_Init-TIM1-false-HAL-true,13-MX_TIM5_Init-TIM5-false-HAL-true,14-MX_I2C2_Init-I2C2-false-HAL-true,15-MX_UART4_Init-UART4-false-HAL-true,16-MX_TIM9_Init-TIM9-false-HAL-true,17-MX_TIM11_Init-TIM11-false-HAL-true,18-MX_USB_OTG_HS_PCD_Init-USB_OTG_HS-false-HAL-true,19-MX_UART5_Init-UART5-false-HAL-true,20-MX_SPI2_Init-SPI2-false-HAL-true,21-MX_ADC1_Init-ADC1-false-HAL-true,22-MX_I2C1_Init-I2C1-false-HAL-true,0-MX_CORTEX_M7_Init-CORTEX_M7-false-HAL-true
RCC.AHBFreq_Value=216000000
RCC.APB1CLKDivider=RCC_HCLK_DIV4
RCC.APB1Freq_Value=54000000
RCC.APB1TimFreq_Value=108000000
RCC.APB2CLKDivider=RCC_HCLK_DIV2
RCC.APB2Freq_Value=108000000
RCC.APB2TimFreq_Value=216000000
RCC.CortexFreq_Value=216000000
RCC.FCLKCortexFreq_Value=216000000
RCC.FamilyName=M
RCC.HCLKFreq_Value=216000000
RCC.HSE_VALUE=16000000
RCC.HSI_VALUE=16000000
RCC.I2C1Freq_Value=54000000
RCC.I2C2Freq_Value=54000000
RCC.I2C3Freq_Value=54000000
RCC.I2SFreq_Value=192000000
RCC.IPParameters=AHBFreq_Value,APB1CLKDivider,APB1Freq_Value,APB1TimFreq_Value,APB2CLKDivider,APB2Freq_Value,APB2TimFreq_Value,CortexFreq_Value,FCLKCortexFreq_Value,FamilyName,HCLKFreq_Value,HSE_VALUE,HSI_VALUE,I2C1Freq_Value,I2C2Freq_Value,I2C3Freq_Value,I2SFreq_Value,LPTIM1Freq_Value,LSE_VALUE,LSI_VALUE,MCO2PinFreq_Value,PLLCLKFreq_Value,PLLI2SQCLKFreq_Value,PLLI2SRCLKFreq_Value,PLLI2SRoutputFreq_Value,PLLM,PLLN,PLLQ,PLLQCLKFreq_Value,PLLQoutputFreq_Value,PLLSAIPCLKFreq_Value,PLLSAIQCLKFreq_Value,RNGFreq_Value,RTCFreq_Value,SAI1Freq_Value,SAI2Freq_Value,SDMMC2ClockSelection,SDMMC2Freq_Value,SDMMCFreq_Value,SYSCLKFreq_VALUE,SYSCLKSource,UART4Freq_Value,UART5Freq_Value,UART7Freq_Value,UART8Freq_Value,USART1Freq_Value,USART2Freq_Value,USART3Freq_Value,USART6Freq_Value,USBFreq_Value,VCOI2SOutputFreq_Value,VCOInputFreq_Value,VCOOutputFreq_Value,VCOSAIOutputFreq_Value
RCC.LPTIM1Freq_Value=54000000
RCC.LSE_VALUE=32768
RCC.LSI_VALUE=32000
RCC.MCO2PinFreq_Value=216000000
RCC.PLLCLKFreq_Value=216000000
RCC.PLLI2SQCLKFreq_Value=192000000
RCC.PLLI2SRCLKFreq_Value=192000000
RCC.PLLI2SRoutputFreq_Value=192000000
RCC.PLLM=8
RCC.PLLN=216
RCC.PLLQ=9
RCC.PLLQCLKFreq_Value=48000000
RCC.PLLQoutputFreq_Value=48000000
RCC.PLLSAIPCLKFreq_Value=192000000
RCC.PLLSAIQCLKFreq_Value=192000000
RCC.RNGFreq_Value=48000000
RCC.RTCFreq_Value=32000
RCC.SAI1Freq_Value=192000000
RCC.SAI2Freq_Value=192000000
RCC.SDMMC2ClockSelection=RCC_SDMMC2CLKSOURCE_CLK48
RCC.SDMMC2Freq_Value=48000000
RCC.SDMMCFreq_Value=216000000
RCC.SYSCLKFreq_VALUE=216000000
RCC.SYSCLKSource=RCC_SYSCLKSOURCE_PLLCLK
RCC.UART4Freq_Value=54000000
RCC.UART5Freq_Value=54000000
RCC.UART7Freq_Value=54000000
RCC.UART8Freq_Value=54000000
RCC.USART1Freq_Value=108000000
RCC.USART2Freq_Value=54000000
RCC.USART3Freq_Value=54000000
RCC.USART6Freq_Value=108000000
RCC.USBFreq_Value=48000000
RCC.VCOI2SOutputFreq_Value=384000000
RCC.VCOInputFreq_Value=2000000
RCC.VCOOutputFreq_Value=432000000
RCC.VCOSAIOutputFreq_Value=384000000
RTC.Format=RTC_FORMAT_BCD
RTC.IPParameters=Format,OutPutType,WakeUpClock-WakeUpAF1
RTC.OutPutType=RTC_OUTPUT_TYPE_PUSHPULL
RTC.WakeUpClock-WakeUpAF1=RTC_WAKEUPCLOCK_CK_SPRE_16BITS
SH.ADCx_IN10.0=ADC1_IN10,IN10
SH.ADCx_IN10.ConfNb=1
SH.ADCx_IN14.0=ADC1_IN14,IN14
SH.ADCx_IN14.ConfNb=1
SH.ADCx_IN15.0=ADC1_IN15,IN15
SH.ADCx_IN15.ConfNb=1
SH.GPXTI1.0=GPIO_EXTI1
SH.GPXTI1.ConfNb=1
SH.GPXTI11.0=GPIO_EXTI11
SH.GPXTI11.ConfNb=1
SH.GPXTI3.0=GPIO_EXTI3
SH.GPXTI3.ConfNb=1
SH.GPXTI5.0=GPIO_EXTI5
SH.GPXTI5.ConfNb=1
SH.S_TIM11_CH1.0=TIM11_CH1,PWM Generation1 CH1
SH.S_TIM11_CH1.ConfNb=1
SH.S_TIM1_CH1.0=TIM1_CH1,PWM Generation1 CH1
SH.S_TIM1_CH1.ConfNb=1
SH.S_TIM1_CH2.0=TIM1_CH2,PWM Generation2 CH2
SH.S_TIM1_CH2.ConfNb=1
SH.S_TIM1_CH3.0=TIM1_CH3,PWM Generation3 CH3
SH.S_TIM1_CH3.ConfNb=1
SH.S_TIM1_CH4.0=TIM1_CH4,PWM Generation4 CH4
SH.S_TIM1_CH4.ConfNb=1
SH.S_TIM3_CH2.0=TIM3_CH2,PWM Generation2 CH2
SH.S_TIM3_CH2.ConfNb=1
SH.S_TIM3_CH3.0=TIM3_CH3,PWM Generation3 CH3
SH.S_TIM3_CH3.ConfNb=1
SH.S_TIM3_CH4.0=TIM3_CH4,PWM Generation4 CH4
SH.S_TIM3_CH4.ConfNb=1
SH.S_TIM4_CH1.0=TIM4_CH1,PWM Generation1 CH1
SH.S_TIM4_CH1.ConfNb=1
SH.S_TIM4_CH2.0=TIM4_CH2,PWM Generation2 CH2
SH.S_TIM4_CH2.ConfNb=1
SH.S_TIM4_CH3.0=TIM4_CH3,PWM Generation3 CH3
SH.S_TIM4_CH3.ConfNb=1
SH.S_TIM4_CH4.0=TIM4_CH4,PWM Generation4 CH4
SH.S_TIM4_CH4.ConfNb=1
SH.S_TIM9_CH2.0=TIM9_CH2,PWM_Input_2
SH.S_TIM9_CH2.ConfNb=1
SH.SharedStack_PA0.0=TIM2_CH1
SH.SharedStack_PA0.1=TIM2_ETR
SH.SharedStack_PA0.2=TIM5_CH1
SH.SharedStack_PA0.3=GPIO_EXTI0
SH.SharedStack_PA0.ConfNb=4
SH.SharedStack_PA2.0=USART2_TX
SH.SharedStack_PA2.1=TIM2_CH3
SH.SharedStack_PA2.2=TIM5_CH3
SH.SharedStack_PA2.3=GPIO_EXTI2
SH.SharedStack_PA2.ConfNb=4
SH.SharedStack_PC14.0=GPIO_EXTI14
SH.SharedStack_PC14.ConfNb=1
SH.SharedStack_PC15.0=GPIO_EXTI15
SH.SharedStack_PC15.ConfNb=1
SH.SharedStack_PC6.0=USART6_TX
SH.SharedStack_PC6.1=TIM3_CH1,PWM Generation1 CH1
SH.SharedStack_PC6.ConfNb=2
SH.SharedStack_PD4.0=GPIO_EXTI4
SH.SharedStack_PD4.ConfNb=1
SH.SharedStack_PD9.0=USART3_RX
SH.SharedStack_PD9.1=GPIO_EXTI9
SH.SharedStack_PD9.ConfNb=2
SPI2.BaudRatePrescaler=SPI_BAUDRATEPRESCALER_8
SPI2.CalculateBaudRate=6.75 MBits/s
SPI2.DataSize=SPI_DATASIZE_8BIT
SPI2.Direction=SPI_DIRECTION_2LINES
SPI2.IPParameters=VirtualType,Mode,Direction,CalculateBaudRate,BaudRatePrescaler,DataSize
SPI2.Mode=SPI_MODE_MASTER
SPI2.VirtualType=VM_MASTER
SPI4.BaudRatePrescaler=SPI_BAUDRATEPRESCALER_16
SPI4.CalculateBaudRate=6.75 MBits/s
SPI4.DataSize=SPI_DATASIZE_8BIT
SPI4.Direction=SPI_DIRECTION_2LINES
SPI4.IPParameters=VirtualType,Mode,Direction,CalculateBaudRate,DataSize,BaudRatePrescaler
SPI4.Mode=SPI_MODE_MASTER
SPI4.VirtualType=VM_MASTER
TIM1.Channel-PWM\ Generation1\ CH1=TIM_CHANNEL_1
TIM1.Channel-PWM\ Generation2\ CH2=TIM_CHANNEL_2
TIM1.Channel-PWM\ Generation3\ CH3=TIM_CHANNEL_3
TIM1.Channel-PWM\ Generation4\ CH4=TIM_CHANNEL_4
TIM1.IPParameters=Channel-PWM Generation4 CH4,Channel-PWM Generation3 CH3,Channel-PWM Generation2 CH2,Channel-PWM Generation1 CH1
TIM11.Channel=TIM_CHANNEL_1
TIM11.IPParameters=Channel
TIM3.Channel-PWM\ Generation1\ CH1=TIM_CHANNEL_1
TIM3.Channel-PWM\ Generation2\ CH2=TIM_CHANNEL_2
TIM3.Channel-PWM\ Generation3\ CH3=TIM_CHANNEL_3
TIM3.Channel-PWM\ Generation4\ CH4=TIM_CHANNEL_4
TIM3.IPParameters=Channel-PWM Generation1 CH1,Channel-PWM Generation2 CH2,Channel-PWM Generation3 CH3,Channel-PWM Generation4 CH4
TIM4.Channel-PWM\ Generation1\ CH1=TIM_CHANNEL_1
TIM4.Channel-PWM\ Generation2\ CH2=TIM_CHANNEL_2
TIM4.Channel-PWM\ Generation3\ CH3=TIM_CHANNEL_3
TIM4.Channel-PWM\ Generation4\ CH4=TIM_CHANNEL_4
TIM4.IPParameters=Channel-PWM Generation1 CH1,Channel-PWM Generation2 CH2,Channel-PWM Generation3 CH3,Channel-PWM Generation4 CH4
TIM5.IPParameters=Period,Prescaler
TIM5.Period=(1000000 - 1)
TIM5.Prescaler=(54 - 1)
USB_OTG_HS.IPParameters=VirtualMode-Internal_Phy_Device
USB_OTG_HS.VirtualMode-Internal_Phy_Device=Int_Phy_Device
VP_ADC1_Vbat_Input.Mode=IN-Vbat
VP_ADC1_Vbat_Input.Signal=ADC1_Vbat_Input
VP_FREERTOS_VS_CMSIS_V2.Mode=CMSIS_V2
VP_FREERTOS_VS_CMSIS_V2.Signal=FREERTOS_VS_CMSIS_V2
VP_RTC_VS_RTC_Activate.Mode=RTC_Enabled
VP_RTC_VS_RTC_Activate.Signal=RTC_VS_RTC_Activate
VP_RTC_VS_RTC_Calendar.Mode=RTC_Calendar
VP_RTC_VS_RTC_Calendar.Signal=RTC_VS_RTC_Calendar
VP_SYS_VS_tim6.Mode=TIM6
VP_SYS_VS_tim6.Signal=SYS_VS_tim6
VP_TIM11_VS_ClockSourceINT.Mode=Enable_Timer
VP_TIM11_VS_ClockSourceINT.Signal=TIM11_VS_ClockSourceINT
VP_TIM1_VS_ClockSourceINT.Mode=Internal
VP_TIM1_VS_ClockSourceINT.Signal=TIM1_VS_ClockSourceINT
VP_TIM3_VS_ClockSourceINT.Mode=Internal
VP_TIM3_VS_ClockSourceINT.Signal=TIM3_VS_ClockSourceINT
VP_TIM4_VS_ClockSourceINT.Mode=Internal
VP_TIM4_VS_ClockSourceINT.Signal=TIM4_VS_ClockSourceINT
VP_TIM5_VS_ClockSourceINT.Mode=Internal
VP_TIM5_VS_ClockSourceINT.Signal=TIM5_VS_ClockSourceINT
VP_TIM9_VS_ClockSourceINT.Mode=Internal
VP_TIM9_VS_ClockSourceINT.Signal=TIM9_VS_ClockSourceINT
board=custom
rtos.0.ip=FREERTOS
